
Microsoft Visual Studio Solution File, Format Version 12.00
# Visual Studio Version 17
VisualStudioVersion = 17.9.34728.123
MinimumVisualStudioVersion = 10.0.40219.1
Project("{FAE04EC0-301F-11D3-BF4B-00C04F79EFBC}") = "G_Project_v2", "G_Project_v2\G_Project_v2.csproj", "{896F6FE4-0F39-45DB-8DA6-FA9BEA7AF6F6}"
EndProject
Global
	GlobalSection(SolutionConfigurationPlatforms) = preSolution
		Debug|Any CPU = Debug|Any CPU
		Release|Any CPU = Release|Any CPU
	EndGlobalSection
	GlobalSection(ProjectConfigurationPlatforms) = postSolution
		{896F6FE4-0F39-45DB-8DA6-FA9BEA7AF6F6}.Debug|Any CPU.ActiveCfg = Debug|Any CPU
		{896F6FE4-0F39-45DB-8DA6-FA9BEA7AF6F6}.Debug|Any CPU.Build.0 = Debug|Any CPU
		{896F6FE4-0F39-45DB-8DA6-FA9BEA7AF6F6}.Release|Any CPU.ActiveCfg = Release|Any CPU
		{896F6FE4-0F39-45DB-8DA6-FA9BEA7AF6F6}.Release|Any CPU.Build.0 = Release|Any CPU
	EndGlobalSection
	GlobalSection(SolutionProperties) = preSolution
		HideSolutionNode = FALSE
	EndGlobalSection
	GlobalSection(ExtensibilityGlobals) = postSolution
		SolutionGuid = {66196970-9E03-4B1B-82E0-44E14792F07E}
	EndGlobalSection
EndGlobal
